// !$*UTF8*$!
{
	archiveVersion = 1;
	classes = {
	};
	objectVersion = 51;
	objects = {

/* Begin PBXBuildFile section */
		CCCCF8F14D4C646F57458CE9 /* Pods_TestProjectForEcwid.framework in Frameworks */ = {isa = PBXBuildFile; fileRef = 1C73EF55B0EEA3A65B8089E2 /* Pods_TestProjectForEcwid.framework */; };
		EA5260B425E851FD001973B9 /* Снимок экрана 2021-02-26 в 01.44.15.png in Resources */ = {isa = PBXBuildFile; fileRef = EA5260B325E851FD001973B9 /* Снимок экрана 2021-02-26 в 01.44.15.png */; };
		EAF2944025D9C84600305F5B /* AppDelegate.swift in Sources */ = {isa = PBXBuildFile; fileRef = EAF2943F25D9C84600305F5B /* AppDelegate.swift */; };
		EAF2944225D9C84600305F5B /* SceneDelegate.swift in Sources */ = {isa = PBXBuildFile; fileRef = EAF2944125D9C84600305F5B /* SceneDelegate.swift */; };
		EAF2944725D9C84600305F5B /* Main.storyboard in Resources */ = {isa = PBXBuildFile; fileRef = EAF2944525D9C84600305F5B /* Main.storyboard */; };
		EAF2944925D9C84900305F5B /* Assets.xcassets in Resources */ = {isa = PBXBuildFile; fileRef = EAF2944825D9C84900305F5B /* Assets.xcassets */; };
		EAF2944C25D9C84900305F5B /* LaunchScreen.storyboard in Resources */ = {isa = PBXBuildFile; fileRef = EAF2944A25D9C84900305F5B /* LaunchScreen.storyboard */; };
		EAF2945E25DA6AA700305F5B /* MainViewController.swift in Sources */ = {isa = PBXBuildFile; fileRef = EAF2945D25DA6AA700305F5B /* MainViewController.swift */; };
		EAF2946225DA89FD00305F5B /* CustomTableViewCell.swift in Sources */ = {isa = PBXBuildFile; fileRef = EAF2946125DA89FD00305F5B /* CustomTableViewCell.swift */; };
		EAF2946625DAB98D00305F5B /* ClothesModel.swift in Sources */ = {isa = PBXBuildFile; fileRef = EAF2946525DAB98D00305F5B /* ClothesModel.swift */; };
		EAF2946C25DADEE900305F5B /* NewClothesViewController.swift in Sources */ = {isa = PBXBuildFile; fileRef = EAF2946B25DADEE900305F5B /* NewClothesViewController.swift */; };
		EAF2947425DC288200305F5B /* RealmManager.swift in Sources */ = {isa = PBXBuildFile; fileRef = EAF2947325DC288200305F5B /* RealmManager.swift */; };
		EAF2948325DEDAFD00305F5B /* Снимок экрана 2021-02-18 в 21.25.16.png in Resources */ = {isa = PBXBuildFile; fileRef = EAF2947F25DEDAFB00305F5B /* Снимок экрана 2021-02-18 в 21.25.16.png */; };
		EAF2948425DEDAFD00305F5B /* Снимок экрана 2021-02-18 в 21.11.14.png in Resources */ = {isa = PBXBuildFile; fileRef = EAF2948025DEDAFC00305F5B /* Снимок экрана 2021-02-18 в 21.11.14.png */; };
		EAF2948525DEDAFD00305F5B /* Снимок экрана 2021-02-18 в 21.10.13.png in Resources */ = {isa = PBXBuildFile; fileRef = EAF2948125DEDAFC00305F5B /* Снимок экрана 2021-02-18 в 21.10.13.png */; };
		EAF2948625DEDAFD00305F5B /* Снимок экрана 2021-02-18 в 21.10.36.png in Resources */ = {isa = PBXBuildFile; fileRef = EAF2948225DEDAFD00305F5B /* Снимок экрана 2021-02-18 в 21.10.36.png */; };
/* End PBXBuildFile section */

/* Begin PBXFileReference section */
		1C73EF55B0EEA3A65B8089E2 /* Pods_TestProjectForEcwid.framework */ = {isa = PBXFileReference; explicitFileType = wrapper.framework; includeInIndex = 0; path = Pods_TestProjectForEcwid.framework; sourceTree = BUILT_PRODUCTS_DIR; };
		8D52628F50E1951E72B41BAE /* Pods-TestProjectForEcwid.release.xcconfig */ = {isa = PBXFileReference; includeInIndex = 1; lastKnownFileType = text.xcconfig; name = "Pods-TestProjectForEcwid.release.xcconfig"; path = "Target Support Files/Pods-TestProjectForEcwid/Pods-TestProjectForEcwid.release.xcconfig"; sourceTree = "<group>"; };
		D177CFCDB500380CC09C59AD /* Pods-TestProjectForEcwid.debug.xcconfig */ = {isa = PBXFileReference; includeInIndex = 1; lastKnownFileType = text.xcconfig; name = "Pods-TestProjectForEcwid.debug.xcconfig"; path = "Target Support Files/Pods-TestProjectForEcwid/Pods-TestProjectForEcwid.debug.xcconfig"; sourceTree = "<group>"; };
		EA5260B325E851FD001973B9 /* Снимок экрана 2021-02-26 в 01.44.15.png */ = {isa = PBXFileReference; lastKnownFileType = image.png; path = "Снимок экрана 2021-02-26 в 01.44.15.png"; sourceTree = "<group>"; };
		EAF2943C25D9C84600305F5B /* TestProjectForEcwid.app */ = {isa = PBXFileReference; explicitFileType = wrapper.application; includeInIndex = 0; path = TestProjectForEcwid.app; sourceTree = BUILT_PRODUCTS_DIR; };
		EAF2943F25D9C84600305F5B /* AppDelegate.swift */ = {isa = PBXFileReference; lastKnownFileType = sourcecode.swift; path = AppDelegate.swift; sourceTree = "<group>"; };
		EAF2944125D9C84600305F5B /* SceneDelegate.swift */ = {isa = PBXFileReference; lastKnownFileType = sourcecode.swift; path = SceneDelegate.swift; sourceTree = "<group>"; };
		EAF2944625D9C84600305F5B /* Base */ = {isa = PBXFileReference; lastKnownFileType = file.storyboard; name = Base; path = Base.lproj/Main.storyboard; sourceTree = "<group>"; };
		EAF2944825D9C84900305F5B /* Assets.xcassets */ = {isa = PBXFileReference; lastKnownFileType = folder.assetcatalog; path = Assets.xcassets; sourceTree = "<group>"; };
		EAF2944B25D9C84900305F5B /* Base */ = {isa = PBXFileReference; lastKnownFileType = file.storyboard; name = Base; path = Base.lproj/LaunchScreen.storyboard; sourceTree = "<group>"; };
		EAF2944D25D9C84900305F5B /* Info.plist */ = {isa = PBXFileReference; lastKnownFileType = text.plist.xml; path = Info.plist; sourceTree = "<group>"; };
		EAF2945D25DA6AA700305F5B /* MainViewController.swift */ = {isa = PBXFileReference; lastKnownFileType = sourcecode.swift; path = MainViewController.swift; sourceTree = "<group>"; };
		EAF2946125DA89FD00305F5B /* CustomTableViewCell.swift */ = {isa = PBXFileReference; lastKnownFileType = sourcecode.swift; path = CustomTableViewCell.swift; sourceTree = "<group>"; };
		EAF2946525DAB98D00305F5B /* ClothesModel.swift */ = {isa = PBXFileReference; lastKnownFileType = sourcecode.swift; path = ClothesModel.swift; sourceTree = "<group>"; };
		EAF2946B25DADEE900305F5B /* NewClothesViewController.swift */ = {isa = PBXFileReference; lastKnownFileType = sourcecode.swift; path = NewClothesViewController.swift; sourceTree = "<group>"; };
		EAF2947325DC288200305F5B /* RealmManager.swift */ = {isa = PBXFileReference; lastKnownFileType = sourcecode.swift; path = RealmManager.swift; sourceTree = "<group>"; };
		EAF2947F25DEDAFB00305F5B /* Снимок экрана 2021-02-18 в 21.25.16.png */ = {isa = PBXFileReference; lastKnownFileType = image.png; path = "Снимок экрана 2021-02-18 в 21.25.16.png"; sourceTree = "<group>"; };
		EAF2948025DEDAFC00305F5B /* Снимок экрана 2021-02-18 в 21.11.14.png */ = {isa = PBXFileReference; lastKnownFileType = image.png; path = "Снимок экрана 2021-02-18 в 21.11.14.png"; sourceTree = "<group>"; };
		EAF2948125DEDAFC00305F5B /* Снимок экрана 2021-02-18 в 21.10.13.png */ = {isa = PBXFileReference; lastKnownFileType = image.png; path = "Снимок экрана 2021-02-18 в 21.10.13.png"; sourceTree = "<group>"; };
		EAF2948225DEDAFD00305F5B /* Снимок экрана 2021-02-18 в 21.10.36.png */ = {isa = PBXFileReference; lastKnownFileType = image.png; path = "Снимок экрана 2021-02-18 в 21.10.36.png"; sourceTree = "<group>"; };
/* End PBXFileReference section */

/* Begin PBXFrameworksBuildPhase section */
		EAF2943925D9C84600305F5B /* Frameworks */ = {
			isa = PBXFrameworksBuildPhase;
			buildActionMask = 2147483647;
			files = (
				CCCCF8F14D4C646F57458CE9 /* Pods_TestProjectForEcwid.framework in Frameworks */,
			);
			runOnlyForDeploymentPostprocessing = 0;
		};
/* End PBXFrameworksBuildPhase section */

/* Begin PBXGroup section */
		45EB14C8F9F5C8EB098EA68A /* Pods */ = {
			isa = PBXGroup;
			children = (
				D177CFCDB500380CC09C59AD /* Pods-TestProjectForEcwid.debug.xcconfig */,
				8D52628F50E1951E72B41BAE /* Pods-TestProjectForEcwid.release.xcconfig */,
			);
			path = Pods;
			sourceTree = "<group>";
		};
		D76CA63825F51BEFDFC179A4 /* Frameworks */ = {
			isa = PBXGroup;
			children = (
				1C73EF55B0EEA3A65B8089E2 /* Pods_TestProjectForEcwid.framework */,
			);
			name = Frameworks;
			sourceTree = "<group>";
		};
		EAF2943325D9C84600305F5B = {
			isa = PBXGroup;
			children = (
				EAF2943E25D9C84600305F5B /* TestProjectForEcwid */,
				EAF2947D25DEDA1B00305F5B /* Screenshots */,
				EAF2943D25D9C84600305F5B /* Products */,
				45EB14C8F9F5C8EB098EA68A /* Pods */,
				D76CA63825F51BEFDFC179A4 /* Frameworks */,
			);
			sourceTree = "<group>";
		};
		EAF2943D25D9C84600305F5B /* Products */ = {
			isa = PBXGroup;
			children = (
				EAF2943C25D9C84600305F5B /* TestProjectForEcwid.app */,
			);
			name = Products;
			sourceTree = "<group>";
		};
		EAF2943E25D9C84600305F5B /* TestProjectForEcwid */ = {
			isa = PBXGroup;
			children = (
				EAF2947725DDA21D00305F5B /* ViewControllers */,
				EAF2947925DDA28C00305F5B /* Helpers */,
				EAF2947825DDA26700305F5B /* Models */,
				EAF2947B25DDA42800305F5B /* SupportFiles */,
				EAF2947A25DDA36500305F5B /* IBuilder */,
			);
			path = TestProjectForEcwid;
			sourceTree = "<group>";
		};
		EAF2947725DDA21D00305F5B /* ViewControllers */ = {
			isa = PBXGroup;
			children = (
				EAF2945D25DA6AA700305F5B /* MainViewController.swift */,
				EAF2946B25DADEE900305F5B /* NewClothesViewController.swift */,
				EAF2946125DA89FD00305F5B /* CustomTableViewCell.swift */,
			);
			path = ViewControllers;
			sourceTree = "<group>";
		};
		EAF2947825DDA26700305F5B /* Models */ = {
			isa = PBXGroup;
			children = (
				EAF2946525DAB98D00305F5B /* ClothesModel.swift */,
			);
			path = Models;
			sourceTree = "<group>";
		};
		EAF2947925DDA28C00305F5B /* Helpers */ = {
			isa = PBXGroup;
			children = (
				EAF2947325DC288200305F5B /* RealmManager.swift */,
			);
			path = Helpers;
			sourceTree = "<group>";
		};
		EAF2947A25DDA36500305F5B /* IBuilder */ = {
			isa = PBXGroup;
			children = (
				EAF2944525D9C84600305F5B /* Main.storyboard */,
				EAF2944A25D9C84900305F5B /* LaunchScreen.storyboard */,
			);
			path = IBuilder;
			sourceTree = "<group>";
		};
		EAF2947B25DDA42800305F5B /* SupportFiles */ = {
			isa = PBXGroup;
			children = (
				EAF2943F25D9C84600305F5B /* AppDelegate.swift */,
				EAF2944125D9C84600305F5B /* SceneDelegate.swift */,
				EAF2944825D9C84900305F5B /* Assets.xcassets */,
				EAF2944D25D9C84900305F5B /* Info.plist */,
			);
			path = SupportFiles;
			sourceTree = "<group>";
		};
		EAF2947D25DEDA1B00305F5B /* Screenshots */ = {
			isa = PBXGroup;
			children = (
				EAF2948125DEDAFC00305F5B /* Снимок экрана 2021-02-18 в 21.10.13.png */,
				EAF2948225DEDAFD00305F5B /* Снимок экрана 2021-02-18 в 21.10.36.png */,
				EA5260B325E851FD001973B9 /* Снимок экрана 2021-02-26 в 01.44.15.png */,
				EAF2948025DEDAFC00305F5B /* Снимок экрана 2021-02-18 в 21.11.14.png */,
				EAF2947F25DEDAFB00305F5B /* Снимок экрана 2021-02-18 в 21.25.16.png */,
			);
			path = Screenshots;
			sourceTree = "<group>";
		};
/* End PBXGroup section */

/* Begin PBXNativeTarget section */
		EAF2943B25D9C84600305F5B /* TestProjectForEcwid */ = {
			isa = PBXNativeTarget;
			buildConfigurationList = EAF2945025D9C84900305F5B /* Build configuration list for PBXNativeTarget "TestProjectForEcwid" */;
			buildPhases = (
				622D575FFAD0BFC503C6FD79 /* [CP] Check Pods Manifest.lock */,
				EAF2943825D9C84600305F5B /* Sources */,
				EAF2943925D9C84600305F5B /* Frameworks */,
				EAF2943A25D9C84600305F5B /* Resources */,
				D6078037954182001608DE9A /* [CP] Embed Pods Frameworks */,
			);
			buildRules = (
			);
			dependencies = (
			);
			name = TestProjectForEcwid;
			productName = TestProjectForEcwid;
			productReference = EAF2943C25D9C84600305F5B /* TestProjectForEcwid.app */;
			productType = "com.apple.product-type.application";
		};
/* End PBXNativeTarget section */

/* Begin PBXProject section */
		EAF2943425D9C84600305F5B /* Project object */ = {
			isa = PBXProject;
			attributes = {
				LastSwiftUpdateCheck = 1240;
				LastUpgradeCheck = 1240;
				TargetAttributes = {
					EAF2943B25D9C84600305F5B = {
						CreatedOnToolsVersion = 12.4;
					};
				};
			};
			buildConfigurationList = EAF2943725D9C84600305F5B /* Build configuration list for PBXProject "TestProjectForEcwid" */;
			compatibilityVersion = "Xcode 9.3";
			developmentRegion = en;
			hasScannedForEncodings = 0;
			knownRegions = (
				en,
				Base,
			);
			mainGroup = EAF2943325D9C84600305F5B;
			productRefGroup = EAF2943D25D9C84600305F5B /* Products */;
			projectDirPath = "";
			projectRoot = "";
			targets = (
				EAF2943B25D9C84600305F5B /* TestProjectForEcwid */,
			);
		};
/* End PBXProject section */

/* Begin PBXResourcesBuildPhase section */
		EAF2943A25D9C84600305F5B /* Resources */ = {
			isa = PBXResourcesBuildPhase;
			buildActionMask = 2147483647;
			files = (
				EAF2944C25D9C84900305F5B /* LaunchScreen.storyboard in Resources */,
				EAF2948325DEDAFD00305F5B /* Снимок экрана 2021-02-18 в 21.25.16.png in Resources */,
				EAF2948525DEDAFD00305F5B /* Снимок экрана 2021-02-18 в 21.10.13.png in Resources */,
				EAF2944925D9C84900305F5B /* Assets.xcassets in Resources */,
				EAF2944725D9C84600305F5B /* Main.storyboard in Resources */,
				EAF2948625DEDAFD00305F5B /* Снимок экрана 2021-02-18 в 21.10.36.png in Resources */,
				EA5260B425E851FD001973B9 /* Снимок экрана 2021-02-26 в 01.44.15.png in Resources */,
				EAF2948425DEDAFD00305F5B /* Снимок экрана 2021-02-18 в 21.11.14.png in Resources */,
			);
			runOnlyForDeploymentPostprocessing = 0;
		};
/* End PBXResourcesBuildPhase section */

/* Begin PBXShellScriptBuildPhase section */
		622D575FFAD0BFC503C6FD79 /* [CP] Check Pods Manifest.lock */ = {
			isa = PBXShellScriptBuildPhase;
			buildActionMask = 2147483647;
			files = (
			);
			inputFileListPaths = (
			);
			inputPaths = (
				"${PODS_PODFILE_DIR_PATH}/Podfile.lock",
				"${PODS_ROOT}/Manifest.lock",
			);
			name = "[CP] Check Pods Manifest.lock";
			outputFileListPaths = (
			);
			outputPaths = (
				"$(DERIVED_FILE_DIR)/Pods-TestProjectForEcwid-checkManifestLockResult.txt",
			);
			runOnlyForDeploymentPostprocessing = 0;
			shellPath = /bin/sh;
			shellScript = "diff \"${PODS_PODFILE_DIR_PATH}/Podfile.lock\" \"${PODS_ROOT}/Manifest.lock\" > /dev/null\nif [ $? != 0 ] ; then\n    # print error to STDERR\n    echo \"error: The sandbox is not in sync with the Podfile.lock. Run 'pod install' or update your CocoaPods installation.\" >&2\n    exit 1\nfi\n# This output is used by Xcode 'outputs' to avoid re-running this script phase.\necho \"SUCCESS\" > \"${SCRIPT_OUTPUT_FILE_0}\"\n";
			showEnvVarsInLog = 0;
		};
		D6078037954182001608DE9A /* [CP] Embed Pods Frameworks */ = {
			isa = PBXShellScriptBuildPhase;
			buildActionMask = 2147483647;
			files = (
			);
			inputFileListPaths = (
				"${PODS_ROOT}/Target Support Files/Pods-TestProjectForEcwid/Pods-TestProjectForEcwid-frameworks-${CONFIGURATION}-input-files.xcfilelist",
			);
			name = "[CP] Embed Pods Frameworks";
			outputFileListPaths = (
				"${PODS_ROOT}/Target Support Files/Pods-TestProjectForEcwid/Pods-TestProjectForEcwid-frameworks-${CONFIGURATION}-output-files.xcfilelist",
			);
			runOnlyForDeploymentPostprocessing = 0;
			shellPath = /bin/sh;
			shellScript = "\"${PODS_ROOT}/Target Support Files/Pods-TestProjectForEcwid/Pods-TestProjectForEcwid-frameworks.sh\"\n";
			showEnvVarsInLog = 0;
		};
/* End PBXShellScriptBuildPhase section */

/* Begin PBXSourcesBuildPhase section */
		EAF2943825D9C84600305F5B /* Sources */ = {
			isa = PBXSourcesBuildPhase;
			buildActionMask = 2147483647;
			files = (
				EAF2946625DAB98D00305F5B /* ClothesModel.swift in Sources */,
				EAF2947425DC288200305F5B /* RealmManager.swift in Sources */,
				EAF2945E25DA6AA700305F5B /* MainViewController.swift in Sources */,
				EAF2944025D9C84600305F5B /* AppDelegate.swift in Sources */,
				EAF2946225DA89FD00305F5B /* CustomTableViewCell.swift in Sources */,
				EAF2946C25DADEE900305F5B /* NewClothesViewController.swift in Sources */,
				EAF2944225D9C84600305F5B /* SceneDelegate.swift in Sources */,
			);
			runOnlyForDeploymentPostprocessing = 0;
		};
/* End PBXSourcesBuildPhase section */

/* Begin PBXVariantGroup section */
		EAF2944525D9C84600305F5B /* Main.storyboard */ = {
			isa = PBXVariantGroup;
			children = (
				EAF2944625D9C84600305F5B /* Base */,
			);
			name = Main.storyboard;
			sourceTree = "<group>";
		};
		EAF2944A25D9C84900305F5B /* LaunchScreen.storyboard */ = {
			isa = PBXVariantGroup;
			children = (
				EAF2944B25D9C84900305F5B /* Base */,
			);
			name = LaunchScreen.storyboard;
			sourceTree = "<group>";
		};
/* End PBXVariantGroup section */

/* Begin XCBuildConfiguration section */
		EAF2944E25D9C84900305F5B /* Debug */ = {
			isa = XCBuildConfiguration;
			buildSettings = {
				ALWAYS_SEARCH_USER_PATHS = NO;
				CLANG_ANALYZER_NONNULL = YES;
				CLANG_ANALYZER_NUMBER_OBJECT_CONVERSION = YES_AGGRESSIVE;
				CLANG_CXX_LANGUAGE_STANDARD = "gnu++14";
				CLANG_CXX_LIBRARY = "libc++";
				CLANG_ENABLE_MODULES = YES;
				CLANG_ENABLE_OBJC_ARC = YES;
				CLANG_ENABLE_OBJC_WEAK = YES;
				CLANG_WARN_BLOCK_CAPTURE_AUTORELEASING = YES;
				CLANG_WARN_BOOL_CONVERSION = YES;
				CLANG_WARN_COMMA = YES;
				CLANG_WARN_CONSTANT_CONVERSION = YES;
				CLANG_WARN_DEPRECATED_OBJC_IMPLEMENTATIONS = YES;
				CLANG_WARN_DIRECT_OBJC_ISA_USAGE = YES_ERROR;
				CLANG_WARN_DOCUMENTATION_COMMENTS = YES;
				CLANG_WARN_EMPTY_BODY = YES;
				CLANG_WARN_ENUM_CONVERSION = YES;
				CLANG_WARN_INFINITE_RECURSION = YES;
				CLANG_WARN_INT_CONVERSION = YES;
				CLANG_WARN_NON_LITERAL_NULL_CONVERSION = YES;
				CLANG_WARN_OBJC_IMPLICIT_RETAIN_SELF = YES;
				CLANG_WARN_OBJC_LITERAL_CONVERSION = YES;
				CLANG_WARN_OBJC_ROOT_CLASS = YES_ERROR;
				CLANG_WARN_QUOTED_INCLUDE_IN_FRAMEWORK_HEADER = YES;
				CLANG_WARN_RANGE_LOOP_ANALYSIS = YES;
				CLANG_WARN_STRICT_PROTOTYPES = YES;
				CLANG_WARN_SUSPICIOUS_MOVE = YES;
				CLANG_WARN_UNGUARDED_AVAILABILITY = YES_AGGRESSIVE;
				CLANG_WARN_UNREACHABLE_CODE = YES;
				CLANG_WARN__DUPLICATE_METHOD_MATCH = YES;
				COPY_PHASE_STRIP = NO;
				DEBUG_INFORMATION_FORMAT = dwarf;
				ENABLE_STRICT_OBJC_MSGSEND = YES;
				ENABLE_TESTABILITY = YES;
				GCC_C_LANGUAGE_STANDARD = gnu11;
				GCC_DYNAMIC_NO_PIC = NO;
				GCC_NO_COMMON_BLOCKS = YES;
				GCC_OPTIMIZATION_LEVEL = 0;
				GCC_PREPROCESSOR_DEFINITIONS = (
					"DEBUG=1",
					"$(inherited)",
				);
				GCC_WARN_64_TO_32_BIT_CONVERSION = YES;
				GCC_WARN_ABOUT_RETURN_TYPE = YES_ERROR;
				GCC_WARN_UNDECLARED_SELECTOR = YES;
				GCC_WARN_UNINITIALIZED_AUTOS = YES_AGGRESSIVE;
				GCC_WARN_UNUSED_FUNCTION = YES;
				GCC_WARN_UNUSED_VARIABLE = YES;
				IPHONEOS_DEPLOYMENT_TARGET = 14.4;
				MTL_ENABLE_DEBUG_INFO = INCLUDE_SOURCE;
				MTL_FAST_MATH = YES;
				ONLY_ACTIVE_ARCH = YES;
				SDKROOT = iphoneos;
				SWIFT_ACTIVE_COMPILATION_CONDITIONS = DEBUG;
				SWIFT_OPTIMIZATION_LEVEL = "-Onone";
			};
			name = Debug;
		};
		EAF2944F25D9C84900305F5B /* Release */ = {
			isa = XCBuildConfiguration;
			buildSettings = {
				ALWAYS_SEARCH_USER_PATHS = NO;
				CLANG_ANALYZER_NONNULL = YES;
				CLANG_ANALYZER_NUMBER_OBJECT_CONVERSION = YES_AGGRESSIVE;
				CLANG_CXX_LANGUAGE_STANDARD = "gnu++14";
				CLANG_CXX_LIBRARY = "libc++";
				CLANG_ENABLE_MODULES = YES;
				CLANG_ENABLE_OBJC_ARC = YES;
				CLANG_ENABLE_OBJC_WEAK = YES;
				CLANG_WARN_BLOCK_CAPTURE_AUTORELEASING = YES;
				CLANG_WARN_BOOL_CONVERSION = YES;
				CLANG_WARN_COMMA = YES;
				CLANG_WARN_CONSTANT_CONVERSION = YES;
				CLANG_WARN_DEPRECATED_OBJC_IMPLEMENTATIONS = YES;
				CLANG_WARN_DIRECT_OBJC_ISA_USAGE = YES_ERROR;
				CLANG_WARN_DOCUMENTATION_COMMENTS = YES;
				CLANG_WARN_EMPTY_BODY = YES;
				CLANG_WARN_ENUM_CONVERSION = YES;
				CLANG_WARN_INFINITE_RECURSION = YES;
				CLANG_WARN_INT_CONVERSION = YES;
				CLANG_WARN_NON_LITERAL_NULL_CONVERSION = YES;
				CLANG_WARN_OBJC_IMPLICIT_RETAIN_SELF = YES;
				CLANG_WARN_OBJC_LITERAL_CONVERSION = YES;
				CLANG_WARN_OBJC_ROOT_CLASS = YES_ERROR;
				CLANG_WARN_QUOTED_INCLUDE_IN_FRAMEWORK_HEADER = YES;
				CLANG_WARN_RANGE_LOOP_ANALYSIS = YES;
				CLANG_WARN_STRICT_PROTOTYPES = YES;
				CLANG_WARN_SUSPICIOUS_MOVE = YES;
				CLANG_WARN_UNGUARDED_AVAILABILITY = YES_AGGRESSIVE;
				CLANG_WARN_UNREACHABLE_CODE = YES;
				CLANG_WARN__DUPLICATE_METHOD_MATCH = YES;
				COPY_PHASE_STRIP = NO;
				DEBUG_INFORMATION_FORMAT = "dwarf-with-dsym";
				ENABLE_NS_ASSERTIONS = NO;
				ENABLE_STRICT_OBJC_MSGSEND = YES;
				GCC_C_LANGUAGE_STANDARD = gnu11;
				GCC_NO_COMMON_BLOCKS = YES;
				GCC_WARN_64_TO_32_BIT_CONVERSION = YES;
				GCC_WARN_ABOUT_RETURN_TYPE = YES_ERROR;
				GCC_WARN_UNDECLARED_SELECTOR = YES;
				GCC_WARN_UNINITIALIZED_AUTOS = YES_AGGRESSIVE;
				GCC_WARN_UNUSED_FUNCTION = YES;
				GCC_WARN_UNUSED_VARIABLE = YES;
				IPHONEOS_DEPLOYMENT_TARGET = 14.4;
				MTL_ENABLE_DEBUG_INFO = NO;
				MTL_FAST_MATH = YES;
				SDKROOT = iphoneos;
				SWIFT_COMPILATION_MODE = wholemodule;
				SWIFT_OPTIMIZATION_LEVEL = "-O";
				VALIDATE_PRODUCT = YES;
			};
			name = Release;
		};
		EAF2945125D9C84900305F5B /* Debug */ = {
			isa = XCBuildConfiguration;
			baseConfigurationReference = D177CFCDB500380CC09C59AD /* Pods-TestProjectForEcwid.debug.xcconfig */;
			buildSettings = {
				ASSETCATALOG_COMPILER_APPICON_NAME = AppIcon;
				ASSETCATALOG_COMPILER_GLOBAL_ACCENT_COLOR_NAME = AccentColor;
				CODE_SIGN_STYLE = Automatic;
				INFOPLIST_FILE = TestProjectForEcwid/SupportFiles/Info.plist;
				LD_RUNPATH_SEARCH_PATHS = (
					"$(inherited)",
					"@executable_path/Frameworks",
				);
				PRODUCT_BUNDLE_IDENTIFIER = IsaikinSergei.TestProjectForEcwid;
				PRODUCT_NAME = "$(TARGET_NAME)";
				SWIFT_VERSION = 5.0;
				TARGETED_DEVICE_FAMILY = "1,2";
			};
			name = Debug;
		};
		EAF2945225D9C84900305F5B /* Release */ = {
			isa = XCBuildConfiguration;
			baseConfigurationReference = 8D52628F50E1951E72B41BAE /* Pods-TestProjectForEcwid.release.xcconfig */;
			buildSettings = {
				ASSETCATALOG_COMPILER_APPICON_NAME = AppIcon;
				ASSETCATALOG_COMPILER_GLOBAL_ACCENT_COLOR_NAME = AccentColor;
				CODE_SIGN_STYLE = Automatic;
				INFOPLIST_FILE = TestProjectForEcwid/SupportFiles/Info.plist;
				LD_RUNPATH_SEARCH_PATHS = (
					"$(inherited)",
					"@executable_path/Frameworks",
				);
				PRODUCT_BUNDLE_IDENTIFIER = IsaikinSergei.TestProjectForEcwid;
				PRODUCT_NAME = "$(TARGET_NAME)";
				SWIFT_VERSION = 5.0;
				TARGETED_DEVICE_FAMILY = "1,2";
			};
			name = Release;
		};
/* End XCBuildConfiguration section */

/* Begin XCConfigurationList section */
		EAF2943725D9C84600305F5B /* Build configuration list for PBXProject "TestProjectForEcwid" */ = {
			isa = XCConfigurationList;
			buildConfigurations = (
				EAF2944E25D9C84900305F5B /* Debug */,
				EAF2944F25D9C84900305F5B /* Release */,
			);
			defaultConfigurationIsVisible = 0;
			defaultConfigurationName = Release;
		};
		EAF2945025D9C84900305F5B /* Build configuration list for PBXNativeTarget "TestProjectForEcwid" */ = {
			isa = XCConfigurationList;
			buildConfigurations = (
				EAF2945125D9C84900305F5B /* Debug */,
				EAF2945225D9C84900305F5B /* Release */,
			);
			defaultConfigurationIsVisible = 0;
			defaultConfigurationName = Release;
		};
/* End XCConfigurationList section */
	};
	rootObject = EAF2943425D9C84600305F5B /* Project object */;
}
